// !$*UTF8*$!
{
	archiveVersion = 1;
	classes = {
	};
	objectVersion = 55;
	objects = {

/* Begin PBXBuildFile section */
		97120B132778A777007A3E13 /* AnimeListData.swift in Sources */ = {isa = PBXBuildFile; fileRef = 97120B122778A777007A3E13 /* AnimeListData.swift */; };
		97120B1B277AD18B007A3E13 /* DetailAnimeModel.swift in Sources */ = {isa = PBXBuildFile; fileRef = 97120B1A277AD18B007A3E13 /* DetailAnimeModel.swift */; };
		97120B1D277AD19C007A3E13 /* DetailAnimeStorage.swift in Sources */ = {isa = PBXBuildFile; fileRef = 97120B1C277AD19C007A3E13 /* DetailAnimeStorage.swift */; };
		97120B1F277AD1A6007A3E13 /* TestDetailAnimes.swift in Sources */ = {isa = PBXBuildFile; fileRef = 97120B1E277AD1A6007A3E13 /* TestDetailAnimes.swift */; };
		97120B40277ADA9E007A3E13 /* DetailPageLayout.swift in Sources */ = {isa = PBXBuildFile; fileRef = 97120B36277ADA9E007A3E13 /* DetailPageLayout.swift */; };
		97120B41277ADA9E007A3E13 /* DetailPageAssembly.swift in Sources */ = {isa = PBXBuildFile; fileRef = 97120B38277ADA9E007A3E13 /* DetailPageAssembly.swift */; };
		97120B42277ADA9E007A3E13 /* DetailPageModel.swift in Sources */ = {isa = PBXBuildFile; fileRef = 97120B3A277ADA9E007A3E13 /* DetailPageModel.swift */; };
		97120B43277ADA9E007A3E13 /* DetailPagePresenter.swift in Sources */ = {isa = PBXBuildFile; fileRef = 97120B3C277ADA9E007A3E13 /* DetailPagePresenter.swift */; };
		97120B44277ADA9E007A3E13 /* DetailPageVC.swift in Sources */ = {isa = PBXBuildFile; fileRef = 97120B3E277ADA9E007A3E13 /* DetailPageVC.swift */; };
		97120B45277ADA9E007A3E13 /* DetailPageView.swift in Sources */ = {isa = PBXBuildFile; fileRef = 97120B3F277ADA9E007A3E13 /* DetailPageView.swift */; };
		97120B47277AFB11007A3E13 /* DetailPageColors.swift in Sources */ = {isa = PBXBuildFile; fileRef = 97120B46277AFB11007A3E13 /* DetailPageColors.swift */; };
		97120B4A277B05C7007A3E13 /* NetworkService.swift in Sources */ = {isa = PBXBuildFile; fileRef = 97120B49277B05C7007A3E13 /* NetworkService.swift */; };
		97120B4D277B05FC007A3E13 /* AnimeTopDTO.swift in Sources */ = {isa = PBXBuildFile; fileRef = 97120B4C277B05FC007A3E13 /* AnimeTopDTO.swift */; };
		97120B51277B061E007A3E13 /* AnimeInfoDTO.swift in Sources */ = {isa = PBXBuildFile; fileRef = 97120B50277B061E007A3E13 /* AnimeInfoDTO.swift */; };
		97AADF332778869100CB7CB5 /* AppDelegate.swift in Sources */ = {isa = PBXBuildFile; fileRef = 97AADF322778869100CB7CB5 /* AppDelegate.swift */; };
		97AADF352778869100CB7CB5 /* SceneDelegate.swift in Sources */ = {isa = PBXBuildFile; fileRef = 97AADF342778869100CB7CB5 /* SceneDelegate.swift */; };
		97AADF3D2778869100CB7CB5 /* Anime_List.xcdatamodeld in Sources */ = {isa = PBXBuildFile; fileRef = 97AADF3B2778869100CB7CB5 /* Anime_List.xcdatamodeld */; };
		97AADF3F2778869200CB7CB5 /* Assets.xcassets in Resources */ = {isa = PBXBuildFile; fileRef = 97AADF3E2778869200CB7CB5 /* Assets.xcassets */; };
		97AADF422778869200CB7CB5 /* LaunchScreen.storyboard in Resources */ = {isa = PBXBuildFile; fileRef = 97AADF402778869200CB7CB5 /* LaunchScreen.storyboard */; };
		97AADF5327788C9200CB7CB5 /* AnimeListLayout.swift in Sources */ = {isa = PBXBuildFile; fileRef = 97AADF5227788C9200CB7CB5 /* AnimeListLayout.swift */; };
		97AADF5527788CAF00CB7CB5 /* AnimeListVC.swift in Sources */ = {isa = PBXBuildFile; fileRef = 97AADF5427788CAF00CB7CB5 /* AnimeListVC.swift */; };
		97AADF5727788CB900CB7CB5 /* AnimeListView.swift in Sources */ = {isa = PBXBuildFile; fileRef = 97AADF5627788CB900CB7CB5 /* AnimeListView.swift */; };
		97AADF5A27788CC900CB7CB5 /* AnimeListViewCell.swift in Sources */ = {isa = PBXBuildFile; fileRef = 97AADF5927788CC900CB7CB5 /* AnimeListViewCell.swift */; };
		97AADF5C27788D0E00CB7CB5 /* AnimeListCollectionDataSource.swift in Sources */ = {isa = PBXBuildFile; fileRef = 97AADF5B27788D0E00CB7CB5 /* AnimeListCollectionDataSource.swift */; };
		97AADF5E27788D2100CB7CB5 /* AnimeListDelegate.swift in Sources */ = {isa = PBXBuildFile; fileRef = 97AADF5D27788D2100CB7CB5 /* AnimeListDelegate.swift */; };
		97AADF6027788D3100CB7CB5 /* AnimeListModel.swift in Sources */ = {isa = PBXBuildFile; fileRef = 97AADF5F27788D3100CB7CB5 /* AnimeListModel.swift */; };
		97AADF6227788D3C00CB7CB5 /* AnimeListPresenter.swift in Sources */ = {isa = PBXBuildFile; fileRef = 97AADF6127788D3C00CB7CB5 /* AnimeListPresenter.swift */; };
		97AADF6627788DD300CB7CB5 /* AnimeModel.swift in Sources */ = {isa = PBXBuildFile; fileRef = 97AADF6527788DD300CB7CB5 /* AnimeModel.swift */; };
		97AADF6827788F4100CB7CB5 /* AnimeStorage.swift in Sources */ = {isa = PBXBuildFile; fileRef = 97AADF6727788F4100CB7CB5 /* AnimeStorage.swift */; };
		97AADF6A2778918B00CB7CB5 /* TestAnimes.swift in Sources */ = {isa = PBXBuildFile; fileRef = 97AADF692778918B00CB7CB5 /* TestAnimes.swift */; };
		97AADF6E2778942C00CB7CB5 /* AnimeListRouter.swift in Sources */ = {isa = PBXBuildFile; fileRef = 97AADF6D2778942C00CB7CB5 /* AnimeListRouter.swift */; };
		97AADF702778943A00CB7CB5 /* AnimeListAssembly.swift in Sources */ = {isa = PBXBuildFile; fileRef = 97AADF6F2778943A00CB7CB5 /* AnimeListAssembly.swift */; };
		97AADF722778987400CB7CB5 /* AppNavigationController.swift in Sources */ = {isa = PBXBuildFile; fileRef = 97AADF712778987400CB7CB5 /* AppNavigationController.swift */; };
/* End PBXBuildFile section */

/* Begin PBXFileReference section */
		97120B122778A777007A3E13 /* AnimeListData.swift */ = {isa = PBXFileReference; lastKnownFileType = sourcecode.swift; path = AnimeListData.swift; sourceTree = "<group>"; };
		97120B1A277AD18B007A3E13 /* DetailAnimeModel.swift */ = {isa = PBXFileReference; lastKnownFileType = sourcecode.swift; path = DetailAnimeModel.swift; sourceTree = "<group>"; };
		97120B1C277AD19C007A3E13 /* DetailAnimeStorage.swift */ = {isa = PBXFileReference; lastKnownFileType = sourcecode.swift; path = DetailAnimeStorage.swift; sourceTree = "<group>"; };
		97120B1E277AD1A6007A3E13 /* TestDetailAnimes.swift */ = {isa = PBXFileReference; lastKnownFileType = sourcecode.swift; path = TestDetailAnimes.swift; sourceTree = "<group>"; };
		97120B36277ADA9E007A3E13 /* DetailPageLayout.swift */ = {isa = PBXFileReference; fileEncoding = 4; lastKnownFileType = sourcecode.swift; path = DetailPageLayout.swift; sourceTree = "<group>"; };
		97120B38277ADA9E007A3E13 /* DetailPageAssembly.swift */ = {isa = PBXFileReference; fileEncoding = 4; lastKnownFileType = sourcecode.swift; path = DetailPageAssembly.swift; sourceTree = "<group>"; };
		97120B3A277ADA9E007A3E13 /* DetailPageModel.swift */ = {isa = PBXFileReference; fileEncoding = 4; lastKnownFileType = sourcecode.swift; path = DetailPageModel.swift; sourceTree = "<group>"; };
		97120B3C277ADA9E007A3E13 /* DetailPagePresenter.swift */ = {isa = PBXFileReference; fileEncoding = 4; lastKnownFileType = sourcecode.swift; path = DetailPagePresenter.swift; sourceTree = "<group>"; };
		97120B3E277ADA9E007A3E13 /* DetailPageVC.swift */ = {isa = PBXFileReference; fileEncoding = 4; lastKnownFileType = sourcecode.swift; path = DetailPageVC.swift; sourceTree = "<group>"; };
		97120B3F277ADA9E007A3E13 /* DetailPageView.swift */ = {isa = PBXFileReference; fileEncoding = 4; lastKnownFileType = sourcecode.swift; path = DetailPageView.swift; sourceTree = "<group>"; };
		97120B46277AFB11007A3E13 /* DetailPageColors.swift */ = {isa = PBXFileReference; lastKnownFileType = sourcecode.swift; path = DetailPageColors.swift; sourceTree = "<group>"; };
		97120B49277B05C7007A3E13 /* NetworkService.swift */ = {isa = PBXFileReference; lastKnownFileType = sourcecode.swift; path = NetworkService.swift; sourceTree = "<group>"; };
		97120B4C277B05FC007A3E13 /* AnimeTopDTO.swift */ = {isa = PBXFileReference; lastKnownFileType = sourcecode.swift; path = AnimeTopDTO.swift; sourceTree = "<group>"; };
		97120B50277B061E007A3E13 /* AnimeInfoDTO.swift */ = {isa = PBXFileReference; lastKnownFileType = sourcecode.swift; path = AnimeInfoDTO.swift; sourceTree = "<group>"; };
		97AADF2F2778869100CB7CB5 /* MAL.app */ = {isa = PBXFileReference; explicitFileType = wrapper.application; includeInIndex = 0; path = MAL.app; sourceTree = BUILT_PRODUCTS_DIR; };
		97AADF322778869100CB7CB5 /* AppDelegate.swift */ = {isa = PBXFileReference; lastKnownFileType = sourcecode.swift; path = AppDelegate.swift; sourceTree = "<group>"; };
		97AADF342778869100CB7CB5 /* SceneDelegate.swift */ = {isa = PBXFileReference; lastKnownFileType = sourcecode.swift; path = SceneDelegate.swift; sourceTree = "<group>"; };
		97AADF3C2778869100CB7CB5 /* Anime_List.xcdatamodel */ = {isa = PBXFileReference; lastKnownFileType = wrapper.xcdatamodel; path = Anime_List.xcdatamodel; sourceTree = "<group>"; };
		97AADF3E2778869200CB7CB5 /* Assets.xcassets */ = {isa = PBXFileReference; lastKnownFileType = folder.assetcatalog; path = Assets.xcassets; sourceTree = "<group>"; };
		97AADF412778869200CB7CB5 /* Base */ = {isa = PBXFileReference; lastKnownFileType = file.storyboard; name = Base; path = Base.lproj/LaunchScreen.storyboard; sourceTree = "<group>"; };
		97AADF432778869200CB7CB5 /* Info.plist */ = {isa = PBXFileReference; lastKnownFileType = text.plist.xml; path = Info.plist; sourceTree = "<group>"; };
		97AADF5227788C9200CB7CB5 /* AnimeListLayout.swift */ = {isa = PBXFileReference; lastKnownFileType = sourcecode.swift; path = AnimeListLayout.swift; sourceTree = "<group>"; };
		97AADF5427788CAF00CB7CB5 /* AnimeListVC.swift */ = {isa = PBXFileReference; lastKnownFileType = sourcecode.swift; path = AnimeListVC.swift; sourceTree = "<group>"; };
		97AADF5627788CB900CB7CB5 /* AnimeListView.swift */ = {isa = PBXFileReference; lastKnownFileType = sourcecode.swift; path = AnimeListView.swift; sourceTree = "<group>"; };
		97AADF5927788CC900CB7CB5 /* AnimeListViewCell.swift */ = {isa = PBXFileReference; lastKnownFileType = sourcecode.swift; path = AnimeListViewCell.swift; sourceTree = "<group>"; };
		97AADF5B27788D0E00CB7CB5 /* AnimeListCollectionDataSource.swift */ = {isa = PBXFileReference; lastKnownFileType = sourcecode.swift; path = AnimeListCollectionDataSource.swift; sourceTree = "<group>"; };
		97AADF5D27788D2100CB7CB5 /* AnimeListDelegate.swift */ = {isa = PBXFileReference; lastKnownFileType = sourcecode.swift; path = AnimeListDelegate.swift; sourceTree = "<group>"; };
		97AADF5F27788D3100CB7CB5 /* AnimeListModel.swift */ = {isa = PBXFileReference; lastKnownFileType = sourcecode.swift; path = AnimeListModel.swift; sourceTree = "<group>"; };
		97AADF6127788D3C00CB7CB5 /* AnimeListPresenter.swift */ = {isa = PBXFileReference; lastKnownFileType = sourcecode.swift; path = AnimeListPresenter.swift; sourceTree = "<group>"; };
		97AADF6527788DD300CB7CB5 /* AnimeModel.swift */ = {isa = PBXFileReference; lastKnownFileType = sourcecode.swift; path = AnimeModel.swift; sourceTree = "<group>"; };
		97AADF6727788F4100CB7CB5 /* AnimeStorage.swift */ = {isa = PBXFileReference; lastKnownFileType = sourcecode.swift; path = AnimeStorage.swift; sourceTree = "<group>"; };
		97AADF692778918B00CB7CB5 /* TestAnimes.swift */ = {isa = PBXFileReference; lastKnownFileType = sourcecode.swift; path = TestAnimes.swift; sourceTree = "<group>"; };
		97AADF6D2778942C00CB7CB5 /* AnimeListRouter.swift */ = {isa = PBXFileReference; lastKnownFileType = sourcecode.swift; path = AnimeListRouter.swift; sourceTree = "<group>"; };
		97AADF6F2778943A00CB7CB5 /* AnimeListAssembly.swift */ = {isa = PBXFileReference; lastKnownFileType = sourcecode.swift; path = AnimeListAssembly.swift; sourceTree = "<group>"; };
		97AADF712778987400CB7CB5 /* AppNavigationController.swift */ = {isa = PBXFileReference; lastKnownFileType = sourcecode.swift; path = AppNavigationController.swift; sourceTree = "<group>"; };
/* End PBXFileReference section */

/* Begin PBXFrameworksBuildPhase section */
		97AADF2C2778869100CB7CB5 /* Frameworks */ = {
			isa = PBXFrameworksBuildPhase;
			buildActionMask = 2147483647;
			files = (
			);
			runOnlyForDeploymentPostprocessing = 0;
		};
/* End PBXFrameworksBuildPhase section */

/* Begin PBXGroup section */
		97120B34277ADA9E007A3E13 /* DetailPage */ = {
			isa = PBXGroup;
			children = (
				97120B35277ADA9E007A3E13 /* Metrics */,
				97120B37277ADA9E007A3E13 /* Assembly */,
				97120B39277ADA9E007A3E13 /* Models */,
				97120B3B277ADA9E007A3E13 /* Presenters */,
				97120B3D277ADA9E007A3E13 /* Views */,
			);
			path = DetailPage;
			sourceTree = "<group>";
		};
		97120B35277ADA9E007A3E13 /* Metrics */ = {
			isa = PBXGroup;
			children = (
				97120B36277ADA9E007A3E13 /* DetailPageLayout.swift */,
				97120B46277AFB11007A3E13 /* DetailPageColors.swift */,
			);
			path = Metrics;
			sourceTree = "<group>";
		};
		97120B37277ADA9E007A3E13 /* Assembly */ = {
			isa = PBXGroup;
			children = (
				97120B38277ADA9E007A3E13 /* DetailPageAssembly.swift */,
			);
			path = Assembly;
			sourceTree = "<group>";
		};
		97120B39277ADA9E007A3E13 /* Models */ = {
			isa = PBXGroup;
			children = (
				97120B3A277ADA9E007A3E13 /* DetailPageModel.swift */,
			);
			path = Models;
			sourceTree = "<group>";
		};
		97120B3B277ADA9E007A3E13 /* Presenters */ = {
			isa = PBXGroup;
			children = (
				97120B3C277ADA9E007A3E13 /* DetailPagePresenter.swift */,
			);
			path = Presenters;
			sourceTree = "<group>";
		};
		97120B3D277ADA9E007A3E13 /* Views */ = {
			isa = PBXGroup;
			children = (
				97120B3E277ADA9E007A3E13 /* DetailPageVC.swift */,
				97120B3F277ADA9E007A3E13 /* DetailPageView.swift */,
			);
			path = Views;
			sourceTree = "<group>";
		};
		97120B48277B05B3007A3E13 /* Network */ = {
			isa = PBXGroup;
			children = (
				97120B49277B05C7007A3E13 /* NetworkService.swift */,
			);
			path = Network;
			sourceTree = "<group>";
		};
		97120B4B277B05D4007A3E13 /* DTO */ = {
			isa = PBXGroup;
			children = (
				97120B4C277B05FC007A3E13 /* AnimeTopDTO.swift */,
				97120B50277B061E007A3E13 /* AnimeInfoDTO.swift */,
			);
			path = DTO;
			sourceTree = "<group>";
		};
		97AADF262778869100CB7CB5 = {
			isa = PBXGroup;
			children = (
				97AADF312778869100CB7CB5 /* MAL */,
				97AADF302778869100CB7CB5 /* Products */,
			);
			sourceTree = "<group>";
		};
		97AADF302778869100CB7CB5 /* Products */ = {
			isa = PBXGroup;
			children = (
				97AADF2F2778869100CB7CB5 /* MAL.app */,
			);
			name = Products;
			sourceTree = "<group>";
		};
		97AADF312778869100CB7CB5 /* MAL */ = {
			isa = PBXGroup;
			children = (
				97120B4B277B05D4007A3E13 /* DTO */,
				97120B48277B05B3007A3E13 /* Network */,
				97AADF6327788D4500CB7CB5 /* RawData */,
				97AADF49277887F100CB7CB5 /* Application */,
				97AADF4C2778891400CB7CB5 /* Modules */,
				97AADF4A2778880400CB7CB5 /* Resources */,
				97AADF4B2778881100CB7CB5 /* Database */,
			);
			path = MAL;
			sourceTree = "<group>";
		};
		97AADF49277887F100CB7CB5 /* Application */ = {
			isa = PBXGroup;
			children = (
				97AADF322778869100CB7CB5 /* AppDelegate.swift */,
				97AADF342778869100CB7CB5 /* SceneDelegate.swift */,
				97AADF712778987400CB7CB5 /* AppNavigationController.swift */,
				97AADF402778869200CB7CB5 /* LaunchScreen.storyboard */,
				97AADF432778869200CB7CB5 /* Info.plist */,
			);
			path = Application;
			sourceTree = "<group>";
		};
		97AADF4A2778880400CB7CB5 /* Resources */ = {
			isa = PBXGroup;
			children = (
				97AADF3E2778869200CB7CB5 /* Assets.xcassets */,
			);
			path = Resources;
			sourceTree = "<group>";
		};
		97AADF4B2778881100CB7CB5 /* Database */ = {
			isa = PBXGroup;
			children = (
				97AADF3B2778869100CB7CB5 /* Anime_List.xcdatamodeld */,
			);
			path = Database;
			sourceTree = "<group>";
		};
		97AADF4C2778891400CB7CB5 /* Modules */ = {
			isa = PBXGroup;
			children = (
				97120B34277ADA9E007A3E13 /* DetailPage */,
				97AADF4D2778894800CB7CB5 /* AnimeList */,
			);
			path = Modules;
			sourceTree = "<group>";
		};
		97AADF4D2778894800CB7CB5 /* AnimeList */ = {
			isa = PBXGroup;
			children = (
				97AADF5127788C0700CB7CB5 /* Metrics */,
				97AADF6C2778941700CB7CB5 /* Assembly */,
				97AADF6B2778940B00CB7CB5 /* Router */,
				97AADF5027788BFB00CB7CB5 /* Presenters */,
				97AADF4F27788BF500CB7CB5 /* Models */,
				97AADF4E27788BE500CB7CB5 /* Views */,
			);
			path = AnimeList;
			sourceTree = "<group>";
		};
		97AADF4E27788BE500CB7CB5 /* Views */ = {
			isa = PBXGroup;
			children = (
				97AADF5427788CAF00CB7CB5 /* AnimeListVC.swift */,
				97AADF5627788CB900CB7CB5 /* AnimeListView.swift */,
				97AADF5927788CC900CB7CB5 /* AnimeListViewCell.swift */,
				97AADF5B27788D0E00CB7CB5 /* AnimeListCollectionDataSource.swift */,
				97AADF5D27788D2100CB7CB5 /* AnimeListDelegate.swift */,
			);
			path = Views;
			sourceTree = "<group>";
		};
		97AADF4F27788BF500CB7CB5 /* Models */ = {
			isa = PBXGroup;
			children = (
				97AADF5F27788D3100CB7CB5 /* AnimeListModel.swift */,
				97120B122778A777007A3E13 /* AnimeListData.swift */,
			);
			path = Models;
			sourceTree = "<group>";
		};
		97AADF5027788BFB00CB7CB5 /* Presenters */ = {
			isa = PBXGroup;
			children = (
				97AADF6127788D3C00CB7CB5 /* AnimeListPresenter.swift */,
			);
			path = Presenters;
			sourceTree = "<group>";
		};
		97AADF5127788C0700CB7CB5 /* Metrics */ = {
			isa = PBXGroup;
			children = (
				97AADF5227788C9200CB7CB5 /* AnimeListLayout.swift */,
			);
			path = Metrics;
			sourceTree = "<group>";
		};
		97AADF6327788D4500CB7CB5 /* RawData */ = {
			isa = PBXGroup;
			children = (
				97AADF6427788DBC00CB7CB5 /* Anime */,
			);
			path = RawData;
			sourceTree = "<group>";
		};
		97AADF6427788DBC00CB7CB5 /* Anime */ = {
			isa = PBXGroup;
			children = (
				97AADF6527788DD300CB7CB5 /* AnimeModel.swift */,
				97AADF6727788F4100CB7CB5 /* AnimeStorage.swift */,
				97AADF692778918B00CB7CB5 /* TestAnimes.swift */,
				97120B1A277AD18B007A3E13 /* DetailAnimeModel.swift */,
				97120B1C277AD19C007A3E13 /* DetailAnimeStorage.swift */,
				97120B1E277AD1A6007A3E13 /* TestDetailAnimes.swift */,
			);
			path = Anime;
			sourceTree = "<group>";
		};
		97AADF6B2778940B00CB7CB5 /* Router */ = {
			isa = PBXGroup;
			children = (
				97AADF6D2778942C00CB7CB5 /* AnimeListRouter.swift */,
			);
			path = Router;
			sourceTree = "<group>";
		};
		97AADF6C2778941700CB7CB5 /* Assembly */ = {
			isa = PBXGroup;
			children = (
				97AADF6F2778943A00CB7CB5 /* AnimeListAssembly.swift */,
			);
			path = Assembly;
			sourceTree = "<group>";
		};
/* End PBXGroup section */

/* Begin PBXNativeTarget section */
		97AADF2E2778869100CB7CB5 /* MAL */ = {
			isa = PBXNativeTarget;
			buildConfigurationList = 97AADF462778869200CB7CB5 /* Build configuration list for PBXNativeTarget "MAL" */;
			buildPhases = (
				97AADF2B2778869100CB7CB5 /* Sources */,
				97AADF2C2778869100CB7CB5 /* Frameworks */,
				97AADF2D2778869100CB7CB5 /* Resources */,
			);
			buildRules = (
			);
			dependencies = (
			);
			name = MAL;
			productName = "Anime List";
			productReference = 97AADF2F2778869100CB7CB5 /* MAL.app */;
			productType = "com.apple.product-type.application";
		};
/* End PBXNativeTarget section */

/* Begin PBXProject section */
		97AADF272778869100CB7CB5 /* Project object */ = {
			isa = PBXProject;
			attributes = {
				BuildIndependentTargetsInParallel = 1;
				LastSwiftUpdateCheck = 1310;
				LastUpgradeCheck = 1310;
				TargetAttributes = {
					97AADF2E2778869100CB7CB5 = {
						CreatedOnToolsVersion = 13.1;
					};
				};
			};
			buildConfigurationList = 97AADF2A2778869100CB7CB5 /* Build configuration list for PBXProject "MAL" */;
			compatibilityVersion = "Xcode 13.0";
			developmentRegion = en;
			hasScannedForEncodings = 0;
			knownRegions = (
				en,
				Base,
			);
			mainGroup = 97AADF262778869100CB7CB5;
			productRefGroup = 97AADF302778869100CB7CB5 /* Products */;
			projectDirPath = "";
			projectRoot = "";
			targets = (
				97AADF2E2778869100CB7CB5 /* MAL */,
			);
		};
/* End PBXProject section */

/* Begin PBXResourcesBuildPhase section */
		97AADF2D2778869100CB7CB5 /* Resources */ = {
			isa = PBXResourcesBuildPhase;
			buildActionMask = 2147483647;
			files = (
				97AADF422778869200CB7CB5 /* LaunchScreen.storyboard in Resources */,
				97AADF3F2778869200CB7CB5 /* Assets.xcassets in Resources */,
			);
			runOnlyForDeploymentPostprocessing = 0;
		};
/* End PBXResourcesBuildPhase section */

/* Begin PBXSourcesBuildPhase section */
		97AADF2B2778869100CB7CB5 /* Sources */ = {
			isa = PBXSourcesBuildPhase;
			buildActionMask = 2147483647;
			files = (
				97AADF6827788F4100CB7CB5 /* AnimeStorage.swift in Sources */,
				97AADF5E27788D2100CB7CB5 /* AnimeListDelegate.swift in Sources */,
				97AADF5327788C9200CB7CB5 /* AnimeListLayout.swift in Sources */,
				97120B45277ADA9E007A3E13 /* DetailPageView.swift in Sources */,
				97120B43277ADA9E007A3E13 /* DetailPagePresenter.swift in Sources */,
				97120B51277B061E007A3E13 /* AnimeInfoDTO.swift in Sources */,
				97AADF5527788CAF00CB7CB5 /* AnimeListVC.swift in Sources */,
				97AADF722778987400CB7CB5 /* AppNavigationController.swift in Sources */,
				97120B40277ADA9E007A3E13 /* DetailPageLayout.swift in Sources */,
				97120B1D277AD19C007A3E13 /* DetailAnimeStorage.swift in Sources */,
				97AADF3D2778869100CB7CB5 /* Anime_List.xcdatamodeld in Sources */,
				97AADF6227788D3C00CB7CB5 /* AnimeListPresenter.swift in Sources */,
				97120B47277AFB11007A3E13 /* DetailPageColors.swift in Sources */,
				97120B42277ADA9E007A3E13 /* DetailPageModel.swift in Sources */,
				97AADF6A2778918B00CB7CB5 /* TestAnimes.swift in Sources */,
				97120B132778A777007A3E13 /* AnimeListData.swift in Sources */,
				97AADF6027788D3100CB7CB5 /* AnimeListModel.swift in Sources */,
				97120B44277ADA9E007A3E13 /* DetailPageVC.swift in Sources */,
				97AADF702778943A00CB7CB5 /* AnimeListAssembly.swift in Sources */,
				97AADF5A27788CC900CB7CB5 /* AnimeListViewCell.swift in Sources */,
				97AADF5727788CB900CB7CB5 /* AnimeListView.swift in Sources */,
				97120B1B277AD18B007A3E13 /* DetailAnimeModel.swift in Sources */,
				97120B41277ADA9E007A3E13 /* DetailPageAssembly.swift in Sources */,
				97AADF5C27788D0E00CB7CB5 /* AnimeListCollectionDataSource.swift in Sources */,
				97AADF332778869100CB7CB5 /* AppDelegate.swift in Sources */,
				97120B1F277AD1A6007A3E13 /* TestDetailAnimes.swift in Sources */,
				97AADF6E2778942C00CB7CB5 /* AnimeListRouter.swift in Sources */,
				97120B4D277B05FC007A3E13 /* AnimeTopDTO.swift in Sources */,
				97120B4A277B05C7007A3E13 /* NetworkService.swift in Sources */,
				97AADF6627788DD300CB7CB5 /* AnimeModel.swift in Sources */,
				97AADF352778869100CB7CB5 /* SceneDelegate.swift in Sources */,
			);
			runOnlyForDeploymentPostprocessing = 0;
		};
/* End PBXSourcesBuildPhase section */

/* Begin PBXVariantGroup section */
		97AADF402778869200CB7CB5 /* LaunchScreen.storyboard */ = {
			isa = PBXVariantGroup;
			children = (
				97AADF412778869200CB7CB5 /* Base */,
			);
			name = LaunchScreen.storyboard;
			sourceTree = "<group>";
		};
/* End PBXVariantGroup section */

/* Begin XCBuildConfiguration section */
		97AADF442778869200CB7CB5 /* Debug */ = {
			isa = XCBuildConfiguration;
			buildSettings = {
				ALWAYS_SEARCH_USER_PATHS = NO;
				CLANG_ANALYZER_NONNULL = YES;
				CLANG_ANALYZER_NUMBER_OBJECT_CONVERSION = YES_AGGRESSIVE;
				CLANG_CXX_LANGUAGE_STANDARD = "gnu++17";
				CLANG_CXX_LIBRARY = "libc++";
				CLANG_ENABLE_MODULES = YES;
				CLANG_ENABLE_OBJC_ARC = YES;
				CLANG_ENABLE_OBJC_WEAK = YES;
				CLANG_WARN_BLOCK_CAPTURE_AUTORELEASING = YES;
				CLANG_WARN_BOOL_CONVERSION = YES;
				CLANG_WARN_COMMA = YES;
				CLANG_WARN_CONSTANT_CONVERSION = YES;
				CLANG_WARN_DEPRECATED_OBJC_IMPLEMENTATIONS = YES;
				CLANG_WARN_DIRECT_OBJC_ISA_USAGE = YES_ERROR;
				CLANG_WARN_DOCUMENTATION_COMMENTS = YES;
				CLANG_WARN_EMPTY_BODY = YES;
				CLANG_WARN_ENUM_CONVERSION = YES;
				CLANG_WARN_INFINITE_RECURSION = YES;
				CLANG_WARN_INT_CONVERSION = YES;
				CLANG_WARN_NON_LITERAL_NULL_CONVERSION = YES;
				CLANG_WARN_OBJC_IMPLICIT_RETAIN_SELF = YES;
				CLANG_WARN_OBJC_LITERAL_CONVERSION = YES;
				CLANG_WARN_OBJC_ROOT_CLASS = YES_ERROR;
				CLANG_WARN_QUOTED_INCLUDE_IN_FRAMEWORK_HEADER = YES;
				CLANG_WARN_RANGE_LOOP_ANALYSIS = YES;
				CLANG_WARN_STRICT_PROTOTYPES = YES;
				CLANG_WARN_SUSPICIOUS_MOVE = YES;
				CLANG_WARN_UNGUARDED_AVAILABILITY = YES_AGGRESSIVE;
				CLANG_WARN_UNREACHABLE_CODE = YES;
				CLANG_WARN__DUPLICATE_METHOD_MATCH = YES;
				COPY_PHASE_STRIP = NO;
				DEBUG_INFORMATION_FORMAT = dwarf;
				ENABLE_STRICT_OBJC_MSGSEND = YES;
				ENABLE_TESTABILITY = YES;
				GCC_C_LANGUAGE_STANDARD = gnu11;
				GCC_DYNAMIC_NO_PIC = NO;
				GCC_NO_COMMON_BLOCKS = YES;
				GCC_OPTIMIZATION_LEVEL = 0;
				GCC_PREPROCESSOR_DEFINITIONS = (
					"DEBUG=1",
					"$(inherited)",
				);
				GCC_WARN_64_TO_32_BIT_CONVERSION = YES;
				GCC_WARN_ABOUT_RETURN_TYPE = YES_ERROR;
				GCC_WARN_UNDECLARED_SELECTOR = YES;
				GCC_WARN_UNINITIALIZED_AUTOS = YES_AGGRESSIVE;
				GCC_WARN_UNUSED_FUNCTION = YES;
				GCC_WARN_UNUSED_VARIABLE = YES;
				IPHONEOS_DEPLOYMENT_TARGET = 14.0;
				MTL_ENABLE_DEBUG_INFO = INCLUDE_SOURCE;
				MTL_FAST_MATH = YES;
				ONLY_ACTIVE_ARCH = YES;
				SDKROOT = iphoneos;
				SWIFT_ACTIVE_COMPILATION_CONDITIONS = DEBUG;
				SWIFT_OPTIMIZATION_LEVEL = "-Onone";
			};
			name = Debug;
		};
		97AADF452778869200CB7CB5 /* Release */ = {
			isa = XCBuildConfiguration;
			buildSettings = {
				ALWAYS_SEARCH_USER_PATHS = NO;
				CLANG_ANALYZER_NONNULL = YES;
				CLANG_ANALYZER_NUMBER_OBJECT_CONVERSION = YES_AGGRESSIVE;
				CLANG_CXX_LANGUAGE_STANDARD = "gnu++17";
				CLANG_CXX_LIBRARY = "libc++";
				CLANG_ENABLE_MODULES = YES;
				CLANG_ENABLE_OBJC_ARC = YES;
				CLANG_ENABLE_OBJC_WEAK = YES;
				CLANG_WARN_BLOCK_CAPTURE_AUTORELEASING = YES;
				CLANG_WARN_BOOL_CONVERSION = YES;
				CLANG_WARN_COMMA = YES;
				CLANG_WARN_CONSTANT_CONVERSION = YES;
				CLANG_WARN_DEPRECATED_OBJC_IMPLEMENTATIONS = YES;
				CLANG_WARN_DIRECT_OBJC_ISA_USAGE = YES_ERROR;
				CLANG_WARN_DOCUMENTATION_COMMENTS = YES;
				CLANG_WARN_EMPTY_BODY = YES;
				CLANG_WARN_ENUM_CONVERSION = YES;
				CLANG_WARN_INFINITE_RECURSION = YES;
				CLANG_WARN_INT_CONVERSION = YES;
				CLANG_WARN_NON_LITERAL_NULL_CONVERSION = YES;
				CLANG_WARN_OBJC_IMPLICIT_RETAIN_SELF = YES;
				CLANG_WARN_OBJC_LITERAL_CONVERSION = YES;
				CLANG_WARN_OBJC_ROOT_CLASS = YES_ERROR;
				CLANG_WARN_QUOTED_INCLUDE_IN_FRAMEWORK_HEADER = YES;
				CLANG_WARN_RANGE_LOOP_ANALYSIS = YES;
				CLANG_WARN_STRICT_PROTOTYPES = YES;
				CLANG_WARN_SUSPICIOUS_MOVE = YES;
				CLANG_WARN_UNGUARDED_AVAILABILITY = YES_AGGRESSIVE;
				CLANG_WARN_UNREACHABLE_CODE = YES;
				CLANG_WARN__DUPLICATE_METHOD_MATCH = YES;
				COPY_PHASE_STRIP = NO;
				DEBUG_INFORMATION_FORMAT = "dwarf-with-dsym";
				ENABLE_NS_ASSERTIONS = NO;
				ENABLE_STRICT_OBJC_MSGSEND = YES;
				GCC_C_LANGUAGE_STANDARD = gnu11;
				GCC_NO_COMMON_BLOCKS = YES;
				GCC_WARN_64_TO_32_BIT_CONVERSION = YES;
				GCC_WARN_ABOUT_RETURN_TYPE = YES_ERROR;
				GCC_WARN_UNDECLARED_SELECTOR = YES;
				GCC_WARN_UNINITIALIZED_AUTOS = YES_AGGRESSIVE;
				GCC_WARN_UNUSED_FUNCTION = YES;
				GCC_WARN_UNUSED_VARIABLE = YES;
				IPHONEOS_DEPLOYMENT_TARGET = 14.0;
				MTL_ENABLE_DEBUG_INFO = NO;
				MTL_FAST_MATH = YES;
				SDKROOT = iphoneos;
				SWIFT_COMPILATION_MODE = wholemodule;
				SWIFT_OPTIMIZATION_LEVEL = "-O";
				VALIDATE_PRODUCT = YES;
			};
			name = Release;
		};
		97AADF472778869200CB7CB5 /* Debug */ = {
			isa = XCBuildConfiguration;
			buildSettings = {
				ASSETCATALOG_COMPILER_APPICON_NAME = AppIcon;
				ASSETCATALOG_COMPILER_GLOBAL_ACCENT_COLOR_NAME = AccentColor;
				CODE_SIGN_STYLE = Automatic;
				CURRENT_PROJECT_VERSION = 1;
				DEVELOPMENT_TEAM = CM9MMHDPYX;
				GENERATE_INFOPLIST_FILE = YES;
				INFOPLIST_FILE = MAL/Application/Info.plist;
				INFOPLIST_KEY_UIApplicationSupportsIndirectInputEvents = YES;
				INFOPLIST_KEY_UILaunchStoryboardName = LaunchScreen;
				INFOPLIST_KEY_UISupportedInterfaceOrientations = UIInterfaceOrientationPortrait;
				INFOPLIST_KEY_UISupportedInterfaceOrientations_iPad = "UIInterfaceOrientationPortrait UIInterfaceOrientationPortraitUpsideDown UIInterfaceOrientationLandscapeLeft UIInterfaceOrientationLandscapeRight";
				INFOPLIST_KEY_UISupportedInterfaceOrientations_iPhone = "UIInterfaceOrientationPortrait UIInterfaceOrientationLandscapeLeft UIInterfaceOrientationLandscapeRight";
				IPHONEOS_DEPLOYMENT_TARGET = 14.0;
				LD_RUNPATH_SEARCH_PATHS = (
					"$(inherited)",
					"@executable_path/Frameworks",
				);
				MARKETING_VERSION = 1.0;
				PRODUCT_BUNDLE_IDENTIFIER = frayko.MAL;
				PRODUCT_NAME = "$(TARGET_NAME)";
				SWIFT_EMIT_LOC_STRINGS = YES;
				SWIFT_VERSION = 5.0;
				TARGETED_DEVICE_FAMILY = "1,2";
			};
			name = Debug;
		};
		97AADF482778869200CB7CB5 /* Release */ = {
			isa = XCBuildConfiguration;
			buildSettings = {
				ASSETCATALOG_COMPILER_APPICON_NAME = AppIcon;
				ASSETCATALOG_COMPILER_GLOBAL_ACCENT_COLOR_NAME = AccentColor;
				CODE_SIGN_STYLE = Automatic;
				CURRENT_PROJECT_VERSION = 1;
				DEVELOPMENT_TEAM = CM9MMHDPYX;
				GENERATE_INFOPLIST_FILE = YES;
				INFOPLIST_FILE = MAL/Application/Info.plist;
				INFOPLIST_KEY_UIApplicationSupportsIndirectInputEvents = YES;
				INFOPLIST_KEY_UILaunchStoryboardName = LaunchScreen;
				INFOPLIST_KEY_UISupportedInterfaceOrientations = UIInterfaceOrientationPortrait;
				INFOPLIST_KEY_UISupportedInterfaceOrientations_iPad = "UIInterfaceOrientationPortrait UIInterfaceOrientationPortraitUpsideDown UIInterfaceOrientationLandscapeLeft UIInterfaceOrientationLandscapeRight";
				INFOPLIST_KEY_UISupportedInterfaceOrientations_iPhone = "UIInterfaceOrientationPortrait UIInterfaceOrientationLandscapeLeft UIInterfaceOrientationLandscapeRight";
				IPHONEOS_DEPLOYMENT_TARGET = 14.0;
				LD_RUNPATH_SEARCH_PATHS = (
					"$(inherited)",
					"@executable_path/Frameworks",
				);
				MARKETING_VERSION = 1.0;
				PRODUCT_BUNDLE_IDENTIFIER = frayko.MAL;
				PRODUCT_NAME = "$(TARGET_NAME)";
				SWIFT_EMIT_LOC_STRINGS = YES;
				SWIFT_VERSION = 5.0;
				TARGETED_DEVICE_FAMILY = "1,2";
			};
			name = Release;
		};
/* End XCBuildConfiguration section */

/* Begin XCConfigurationList section */
		97AADF2A2778869100CB7CB5 /* Build configuration list for PBXProject "MAL" */ = {
			isa = XCConfigurationList;
			buildConfigurations = (
				97AADF442778869200CB7CB5 /* Debug */,
				97AADF452778869200CB7CB5 /* Release */,
			);
			defaultConfigurationIsVisible = 0;
			defaultConfigurationName = Release;
		};
		97AADF462778869200CB7CB5 /* Build configuration list for PBXNativeTarget "MAL" */ = {
			isa = XCConfigurationList;
			buildConfigurations = (
				97AADF472778869200CB7CB5 /* Debug */,
				97AADF482778869200CB7CB5 /* Release */,
			);
			defaultConfigurationIsVisible = 0;
			defaultConfigurationName = Release;
		};
/* End XCConfigurationList section */

/* Begin XCVersionGroup section */
		97AADF3B2778869100CB7CB5 /* Anime_List.xcdatamodeld */ = {
			isa = XCVersionGroup;
			children = (
				97AADF3C2778869100CB7CB5 /* Anime_List.xcdatamodel */,
			);
			currentVersion = 97AADF3C2778869100CB7CB5 /* Anime_List.xcdatamodel */;
			path = Anime_List.xcdatamodeld;
			sourceTree = "<group>";
			versionGroupType = wrapper.xcdatamodel;
		};
/* End XCVersionGroup section */
	};
	rootObject = 97AADF272778869100CB7CB5 /* Project object */;
}
